// !$*UTF8*$!
{
	archiveVersion = 1;
	classes = {
	};
	objectVersion = 52;
	objects = {

/* Begin PBXBuildFile section */
		F214A811206417A700A4CC73 /* AppDelegate.swift in Sources */ = {isa = PBXBuildFile; fileRef = F214A810206417A700A4CC73 /* AppDelegate.swift */; };
		F214A813206417A700A4CC73 /* ViewController.swift in Sources */ = {isa = PBXBuildFile; fileRef = F214A812206417A700A4CC73 /* ViewController.swift */; };
		F214A816206417A700A4CC73 /* Main.storyboard in Resources */ = {isa = PBXBuildFile; fileRef = F214A814206417A700A4CC73 /* Main.storyboard */; };
		F214A818206417A700A4CC73 /* Assets.xcassets in Resources */ = {isa = PBXBuildFile; fileRef = F214A817206417A700A4CC73 /* Assets.xcassets */; };
		F296CCB62451B4AE003C1107 /* ChessToolkitUI in Frameworks */ = {isa = PBXBuildFile; productRef = F296CCB52451B4AE003C1107 /* ChessToolkitUI */; };
		F296CCB92451B5C6003C1107 /* PieceSets.xcassets in Resources */ = {isa = PBXBuildFile; fileRef = F296CCB72451B5C6003C1107 /* PieceSets.xcassets */; };
		F296CCBA2451B5C6003C1107 /* PieceSet_Default.plist in Resources */ = {isa = PBXBuildFile; fileRef = F296CCB82451B5C6003C1107 /* PieceSet_Default.plist */; };
		F296CCBC2451B5EE003C1107 /* ChessToolkitUI in Frameworks */ = {isa = PBXBuildFile; productRef = F296CCBB2451B5EE003C1107 /* ChessToolkitUI */; };
		F296CCBF2451C28A003C1107 /* PieceSets.xcassets in Resources */ = {isa = PBXBuildFile; fileRef = F296CCBD2451C28A003C1107 /* PieceSets.xcassets */; };
		F296CCC02451C28A003C1107 /* PieceSet_Default.plist in Resources */ = {isa = PBXBuildFile; fileRef = F296CCBE2451C28A003C1107 /* PieceSet_Default.plist */; };
		F2D1437F1DDE260600288DFC /* AppDelegate.swift in Sources */ = {isa = PBXBuildFile; fileRef = F2D1437E1DDE260600288DFC /* AppDelegate.swift */; };
		F2D143811DDE260600288DFC /* ViewController.swift in Sources */ = {isa = PBXBuildFile; fileRef = F2D143801DDE260600288DFC /* ViewController.swift */; };
		F2D143841DDE260600288DFC /* Main.storyboard in Resources */ = {isa = PBXBuildFile; fileRef = F2D143821DDE260600288DFC /* Main.storyboard */; };
		F2D143861DDE260600288DFC /* Assets.xcassets in Resources */ = {isa = PBXBuildFile; fileRef = F2D143851DDE260600288DFC /* Assets.xcassets */; };
		F2D143891DDE260600288DFC /* LaunchScreen.storyboard in Resources */ = {isa = PBXBuildFile; fileRef = F2D143871DDE260600288DFC /* LaunchScreen.storyboard */; };
		F2DB05772450592C00345CCF /* PieceSet_Default.plist in Resources */ = {isa = PBXBuildFile; fileRef = F2DB05762450592C00345CCF /* PieceSet_Default.plist */; };
		F2EC939E2340C32200411542 /* AppDelegate.swift in Sources */ = {isa = PBXBuildFile; fileRef = F2EC939D2340C32200411542 /* AppDelegate.swift */; };
		F2EC93A02340C32200411542 /* ViewController.swift in Sources */ = {isa = PBXBuildFile; fileRef = F2EC939F2340C32200411542 /* ViewController.swift */; };
		F2EC93A22340C32300411542 /* Assets.xcassets in Resources */ = {isa = PBXBuildFile; fileRef = F2EC93A12340C32300411542 /* Assets.xcassets */; };
		F2EC93A52340C32300411542 /* Main.storyboard in Resources */ = {isa = PBXBuildFile; fileRef = F2EC93A32340C32300411542 /* Main.storyboard */; };
		F2FECCA3245048690052967B /* PieceSets.xcassets in Resources */ = {isa = PBXBuildFile; fileRef = F2FECCA2245048690052967B /* PieceSets.xcassets */; };
		F2FECCA524504D760052967B /* ChessToolkitUI in Frameworks */ = {isa = PBXBuildFile; productRef = F2FECCA424504D760052967B /* ChessToolkitUI */; };
/* End PBXBuildFile section */

/* Begin PBXCopyFilesBuildPhase section */
		F214A82E20641A9E00A4CC73 /* Embed Frameworks */ = {
			isa = PBXCopyFilesBuildPhase;
			buildActionMask = 2147483647;
			dstPath = "";
			dstSubfolderSpec = 10;
			files = (
			);
			name = "Embed Frameworks";
			runOnlyForDeploymentPostprocessing = 0;
		};
		F2EC93B42340C88D00411542 /* Embed Frameworks */ = {
			isa = PBXCopyFilesBuildPhase;
			buildActionMask = 2147483647;
			dstPath = "";
			dstSubfolderSpec = 10;
			files = (
			);
			name = "Embed Frameworks";
			runOnlyForDeploymentPostprocessing = 0;
		};
/* End PBXCopyFilesBuildPhase section */

/* Begin PBXFileReference section */
		F214A80E206417A700A4CC73 /* ChessToolkit-tvos-Example.app */ = {isa = PBXFileReference; explicitFileType = wrapper.application; includeInIndex = 0; path = "ChessToolkit-tvos-Example.app"; sourceTree = BUILT_PRODUCTS_DIR; };
		F214A810206417A700A4CC73 /* AppDelegate.swift */ = {isa = PBXFileReference; lastKnownFileType = sourcecode.swift; path = AppDelegate.swift; sourceTree = "<group>"; };
		F214A812206417A700A4CC73 /* ViewController.swift */ = {isa = PBXFileReference; lastKnownFileType = sourcecode.swift; path = ViewController.swift; sourceTree = "<group>"; };
		F214A815206417A700A4CC73 /* Base */ = {isa = PBXFileReference; lastKnownFileType = file.storyboard; name = Base; path = Base.lproj/Main.storyboard; sourceTree = "<group>"; };
		F214A817206417A700A4CC73 /* Assets.xcassets */ = {isa = PBXFileReference; lastKnownFileType = folder.assetcatalog; path = Assets.xcassets; sourceTree = "<group>"; };
		F214A819206417A700A4CC73 /* Info.plist */ = {isa = PBXFileReference; lastKnownFileType = text.plist.xml; path = Info.plist; sourceTree = "<group>"; };
		F217C2CE1E92569B00371996 /* ChessToolkit-Playground.playground */ = {isa = PBXFileReference; lastKnownFileType = file.playground; path = "ChessToolkit-Playground.playground"; sourceTree = "<group>"; xcLanguageSpecificationIdentifier = xcode.lang.swift; };
		F296CCB72451B5C6003C1107 /* PieceSets.xcassets */ = {isa = PBXFileReference; lastKnownFileType = folder.assetcatalog; name = PieceSets.xcassets; path = "ChessToolkit-Example/PieceSets.xcassets"; sourceTree = SOURCE_ROOT; };
		F296CCB82451B5C6003C1107 /* PieceSet_Default.plist */ = {isa = PBXFileReference; lastKnownFileType = text.plist; name = PieceSet_Default.plist; path = "ChessToolkit-Example/PieceSet_Default.plist"; sourceTree = SOURCE_ROOT; };
		F296CCBD2451C28A003C1107 /* PieceSets.xcassets */ = {isa = PBXFileReference; lastKnownFileType = folder.assetcatalog; name = PieceSets.xcassets; path = "ChessToolkit-Example/PieceSets.xcassets"; sourceTree = SOURCE_ROOT; };
		F296CCBE2451C28A003C1107 /* PieceSet_Default.plist */ = {isa = PBXFileReference; lastKnownFileType = text.plist; name = PieceSet_Default.plist; path = "ChessToolkit-Example/PieceSet_Default.plist"; sourceTree = SOURCE_ROOT; };
		F2B04063244E26E0002B2F18 /* ChessToolkit */ = {isa = PBXFileReference; lastKnownFileType = folder; name = ChessToolkit; path = ../../XCode/ChessToolkit; sourceTree = "<group>"; };
		F2D1437C1DDE260600288DFC /* ChessToolkitExample.app */ = {isa = PBXFileReference; explicitFileType = wrapper.application; includeInIndex = 0; path = ChessToolkitExample.app; sourceTree = BUILT_PRODUCTS_DIR; };
		F2D1437E1DDE260600288DFC /* AppDelegate.swift */ = {isa = PBXFileReference; lastKnownFileType = sourcecode.swift; path = AppDelegate.swift; sourceTree = "<group>"; };
		F2D143801DDE260600288DFC /* ViewController.swift */ = {isa = PBXFileReference; lastKnownFileType = sourcecode.swift; path = ViewController.swift; sourceTree = "<group>"; };
		F2D143831DDE260600288DFC /* Base */ = {isa = PBXFileReference; lastKnownFileType = file.storyboard; name = Base; path = Base.lproj/Main.storyboard; sourceTree = "<group>"; };
		F2D143851DDE260600288DFC /* Assets.xcassets */ = {isa = PBXFileReference; lastKnownFileType = folder.assetcatalog; path = Assets.xcassets; sourceTree = "<group>"; };
		F2D143881DDE260600288DFC /* Base */ = {isa = PBXFileReference; lastKnownFileType = file.storyboard; name = Base; path = Base.lproj/LaunchScreen.storyboard; sourceTree = "<group>"; };
		F2D1438A1DDE260600288DFC /* Info.plist */ = {isa = PBXFileReference; lastKnownFileType = text.plist.xml; path = Info.plist; sourceTree = "<group>"; };
		F2DB05762450592C00345CCF /* PieceSet_Default.plist */ = {isa = PBXFileReference; fileEncoding = 4; lastKnownFileType = text.plist.xml; path = PieceSet_Default.plist; sourceTree = "<group>"; };
		F2EC939B2340C32200411542 /* ChessToolkit-macOS-Example.app */ = {isa = PBXFileReference; explicitFileType = wrapper.application; includeInIndex = 0; path = "ChessToolkit-macOS-Example.app"; sourceTree = BUILT_PRODUCTS_DIR; };
		F2EC939D2340C32200411542 /* AppDelegate.swift */ = {isa = PBXFileReference; lastKnownFileType = sourcecode.swift; path = AppDelegate.swift; sourceTree = "<group>"; };
		F2EC939F2340C32200411542 /* ViewController.swift */ = {isa = PBXFileReference; lastKnownFileType = sourcecode.swift; path = ViewController.swift; sourceTree = "<group>"; };
		F2EC93A12340C32300411542 /* Assets.xcassets */ = {isa = PBXFileReference; lastKnownFileType = folder.assetcatalog; path = Assets.xcassets; sourceTree = "<group>"; };
		F2EC93A42340C32300411542 /* Base */ = {isa = PBXFileReference; lastKnownFileType = file.storyboard; name = Base; path = Base.lproj/Main.storyboard; sourceTree = "<group>"; };
		F2EC93A62340C32300411542 /* Info.plist */ = {isa = PBXFileReference; lastKnownFileType = text.plist.xml; path = Info.plist; sourceTree = "<group>"; };
		F2EC93A72340C32300411542 /* ChessToolkit_macOS_Example.entitlements */ = {isa = PBXFileReference; lastKnownFileType = text.plist.entitlements; path = ChessToolkit_macOS_Example.entitlements; sourceTree = "<group>"; };
		F2FECCA2245048690052967B /* PieceSets.xcassets */ = {isa = PBXFileReference; lastKnownFileType = folder.assetcatalog; path = PieceSets.xcassets; sourceTree = "<group>"; };
/* End PBXFileReference section */

/* Begin PBXFrameworksBuildPhase section */
		F214A80B206417A700A4CC73 /* Frameworks */ = {
			isa = PBXFrameworksBuildPhase;
			buildActionMask = 2147483647;
			files = (
				F296CCB62451B4AE003C1107 /* ChessToolkitUI in Frameworks */,
			);
			runOnlyForDeploymentPostprocessing = 0;
		};
		F2D143791DDE260600288DFC /* Frameworks */ = {
			isa = PBXFrameworksBuildPhase;
			buildActionMask = 2147483647;
			files = (
				F2FECCA524504D760052967B /* ChessToolkitUI in Frameworks */,
			);
			runOnlyForDeploymentPostprocessing = 0;
		};
		F2EC93982340C32200411542 /* Frameworks */ = {
			isa = PBXFrameworksBuildPhase;
			buildActionMask = 2147483647;
			files = (
				F296CCBC2451B5EE003C1107 /* ChessToolkitUI in Frameworks */,
			);
			runOnlyForDeploymentPostprocessing = 0;
		};
/* End PBXFrameworksBuildPhase section */

/* Begin PBXGroup section */
		F214A80F206417A700A4CC73 /* ChessToolkit-tvos-Example */ = {
			isa = PBXGroup;
			children = (
				F296CCB82451B5C6003C1107 /* PieceSet_Default.plist */,
				F296CCB72451B5C6003C1107 /* PieceSets.xcassets */,
				F214A810206417A700A4CC73 /* AppDelegate.swift */,
				F214A812206417A700A4CC73 /* ViewController.swift */,
				F214A814206417A700A4CC73 /* Main.storyboard */,
				F214A817206417A700A4CC73 /* Assets.xcassets */,
				F214A819206417A700A4CC73 /* Info.plist */,
			);
			path = "ChessToolkit-tvos-Example";
			sourceTree = "<group>";
		};
		F2D1432D1DDE222800288DFC = {
			isa = PBXGroup;
			children = (
				F2B04063244E26E0002B2F18 /* ChessToolkit */,
				F217C2CE1E92569B00371996 /* ChessToolkit-Playground.playground */,
				F2D1437D1DDE260600288DFC /* ChessToolkit-Example */,
				F214A80F206417A700A4CC73 /* ChessToolkit-tvos-Example */,
				F2EC939C2340C32200411542 /* ChessToolkit-macOS-Example */,
				F2D143601DDE245800288DFC /* Products */,
				F2EC93AF2340C88D00411542 /* Frameworks */,
			);
			sourceTree = "<group>";
		};
		F2D143601DDE245800288DFC /* Products */ = {
			isa = PBXGroup;
			children = (
				F2D1437C1DDE260600288DFC /* ChessToolkitExample.app */,
				F214A80E206417A700A4CC73 /* ChessToolkit-tvos-Example.app */,
				F2EC939B2340C32200411542 /* ChessToolkit-macOS-Example.app */,
			);
			name = Products;
			sourceTree = "<group>";
		};
		F2D1437D1DDE260600288DFC /* ChessToolkit-Example */ = {
			isa = PBXGroup;
			children = (
				F2DB05762450592C00345CCF /* PieceSet_Default.plist */,
				F2FECCA2245048690052967B /* PieceSets.xcassets */,
				F2D1437E1DDE260600288DFC /* AppDelegate.swift */,
				F2D143801DDE260600288DFC /* ViewController.swift */,
				F2D143821DDE260600288DFC /* Main.storyboard */,
				F2D143851DDE260600288DFC /* Assets.xcassets */,
				F2D143871DDE260600288DFC /* LaunchScreen.storyboard */,
				F2D1438A1DDE260600288DFC /* Info.plist */,
			);
			path = "ChessToolkit-Example";
			sourceTree = "<group>";
		};
		F2EC939C2340C32200411542 /* ChessToolkit-macOS-Example */ = {
			isa = PBXGroup;
			children = (
				F296CCBE2451C28A003C1107 /* PieceSet_Default.plist */,
				F296CCBD2451C28A003C1107 /* PieceSets.xcassets */,
				F2EC939D2340C32200411542 /* AppDelegate.swift */,
				F2EC939F2340C32200411542 /* ViewController.swift */,
				F2EC93A12340C32300411542 /* Assets.xcassets */,
				F2EC93A32340C32300411542 /* Main.storyboard */,
				F2EC93A62340C32300411542 /* Info.plist */,
				F2EC93A72340C32300411542 /* ChessToolkit_macOS_Example.entitlements */,
			);
			path = "ChessToolkit-macOS-Example";
			sourceTree = "<group>";
		};
		F2EC93AF2340C88D00411542 /* Frameworks */ = {
			isa = PBXGroup;
			children = (
			);
			name = Frameworks;
			sourceTree = "<group>";
		};
/* End PBXGroup section */

/* Begin PBXNativeTarget section */
		F214A80D206417A700A4CC73 /* ChessToolkit-tvos-Example */ = {
			isa = PBXNativeTarget;
			buildConfigurationList = F214A81C206417A700A4CC73 /* Build configuration list for PBXNativeTarget "ChessToolkit-tvos-Example" */;
			buildPhases = (
				F214A80A206417A700A4CC73 /* Sources */,
				F214A80B206417A700A4CC73 /* Frameworks */,
				F214A80C206417A700A4CC73 /* Resources */,
				F214A82E20641A9E00A4CC73 /* Embed Frameworks */,
			);
			buildRules = (
			);
			dependencies = (
			);
			name = "ChessToolkit-tvos-Example";
			packageProductDependencies = (
				F296CCB52451B4AE003C1107 /* ChessToolkitUI */,
			);
			productName = "ChessToolki-tvos-Example";
			productReference = F214A80E206417A700A4CC73 /* ChessToolkit-tvos-Example.app */;
			productType = "com.apple.product-type.application";
		};
		F2D1437B1DDE260600288DFC /* ChessToolkit-Example */ = {
			isa = PBXNativeTarget;
			buildConfigurationList = F2D1438B1DDE260600288DFC /* Build configuration list for PBXNativeTarget "ChessToolkit-Example" */;
			buildPhases = (
				F2D143781DDE260600288DFC /* Sources */,
				F2D143791DDE260600288DFC /* Frameworks */,
				F2D1437A1DDE260600288DFC /* Resources */,
			);
			buildRules = (
			);
			dependencies = (
				F2FECCA724504F450052967B /* PBXTargetDependency */,
			);
			name = "ChessToolkit-Example";
			packageProductDependencies = (
				F2FECCA424504D760052967B /* ChessToolkitUI */,
			);
			productName = "ChessToolkit-Example";
			productReference = F2D1437C1DDE260600288DFC /* ChessToolkitExample.app */;
			productType = "com.apple.product-type.application";
		};
		F2EC939A2340C32200411542 /* ChessToolkit-macOS-Example */ = {
			isa = PBXNativeTarget;
			buildConfigurationList = F2EC93A82340C32300411542 /* Build configuration list for PBXNativeTarget "ChessToolkit-macOS-Example" */;
			buildPhases = (
				F2EC93972340C32200411542 /* Sources */,
				F2EC93982340C32200411542 /* Frameworks */,
				F2EC93992340C32200411542 /* Resources */,
				F2EC93B42340C88D00411542 /* Embed Frameworks */,
			);
			buildRules = (
			);
			dependencies = (
			);
			name = "ChessToolkit-macOS-Example";
			packageProductDependencies = (
				F296CCBB2451B5EE003C1107 /* ChessToolkitUI */,
			);
			productName = "ChessToolkit-macOS-Example";
			productReference = F2EC939B2340C32200411542 /* ChessToolkit-macOS-Example.app */;
			productType = "com.apple.product-type.application";
		};
/* End PBXNativeTarget section */

/* Begin PBXProject section */
		F2D1432E1DDE222800288DFC /* Project object */ = {
			isa = PBXProject;
			attributes = {
				LastSwiftUpdateCheck = 1140;
				LastUpgradeCheck = 1130;
				TargetAttributes = {
					F214A80D206417A700A4CC73 = {
						CreatedOnToolsVersion = 9.2;
						DevelopmentTeam = YZB6HYGFR3;
						LastSwiftMigration = 1100;
						ProvisioningStyle = Automatic;
					};
					F2D1437B1DDE260600288DFC = {
						CreatedOnToolsVersion = 8.1;
						DevelopmentTeam = YZB6HYGFR3;
						LastSwiftMigration = 1100;
						ProvisioningStyle = Automatic;
					};
					F2EC939A2340C32200411542 = {
						CreatedOnToolsVersion = 11.0;
						DevelopmentTeam = YZB6HYGFR3;
						ProvisioningStyle = Automatic;
					};
				};
			};
			buildConfigurationList = F2D143311DDE222800288DFC /* Build configuration list for PBXProject "ChessToolkitExamples" */;
			compatibilityVersion = "Xcode 11.0";
			developmentRegion = en;
			hasScannedForEncodings = 0;
			knownRegions = (
				en,
				Base,
			);
			mainGroup = F2D1432D1DDE222800288DFC;
			productRefGroup = F2D143601DDE245800288DFC /* Products */;
			projectDirPath = "";
			projectRoot = "";
			targets = (
				F2D1437B1DDE260600288DFC /* ChessToolkit-Example */,
				F214A80D206417A700A4CC73 /* ChessToolkit-tvos-Example */,
				F2EC939A2340C32200411542 /* ChessToolkit-macOS-Example */,
			);
		};
/* End PBXProject section */

/* Begin PBXResourcesBuildPhase section */
		F214A80C206417A700A4CC73 /* Resources */ = {
			isa = PBXResourcesBuildPhase;
			buildActionMask = 2147483647;
			files = (
				F214A818206417A700A4CC73 /* Assets.xcassets in Resources */,
				F214A816206417A700A4CC73 /* Main.storyboard in Resources */,
				F296CCBA2451B5C6003C1107 /* PieceSet_Default.plist in Resources */,
				F296CCB92451B5C6003C1107 /* PieceSets.xcassets in Resources */,
			);
			runOnlyForDeploymentPostprocessing = 0;
		};
		F2D1437A1DDE260600288DFC /* Resources */ = {
			isa = PBXResourcesBuildPhase;
			buildActionMask = 2147483647;
			files = (
				F2D143891DDE260600288DFC /* LaunchScreen.storyboard in Resources */,
				F2D143861DDE260600288DFC /* Assets.xcassets in Resources */,
				F2D143841DDE260600288DFC /* Main.storyboard in Resources */,
				F2DB05772450592C00345CCF /* PieceSet_Default.plist in Resources */,
				F2FECCA3245048690052967B /* PieceSets.xcassets in Resources */,
			);
			runOnlyForDeploymentPostprocessing = 0;
		};
		F2EC93992340C32200411542 /* Resources */ = {
			isa = PBXResourcesBuildPhase;
			buildActionMask = 2147483647;
			files = (
				F2EC93A22340C32300411542 /* Assets.xcassets in Resources */,
				F2EC93A52340C32300411542 /* Main.storyboard in Resources */,
				F296CCC02451C28A003C1107 /* PieceSet_Default.plist in Resources */,
				F296CCBF2451C28A003C1107 /* PieceSets.xcassets in Resources */,
			);
			runOnlyForDeploymentPostprocessing = 0;
		};
/* End PBXResourcesBuildPhase section */

/* Begin PBXSourcesBuildPhase section */
		F214A80A206417A700A4CC73 /* Sources */ = {
			isa = PBXSourcesBuildPhase;
			buildActionMask = 2147483647;
			files = (
				F214A813206417A700A4CC73 /* ViewController.swift in Sources */,
				F214A811206417A700A4CC73 /* AppDelegate.swift in Sources */,
			);
			runOnlyForDeploymentPostprocessing = 0;
		};
		F2D143781DDE260600288DFC /* Sources */ = {
			isa = PBXSourcesBuildPhase;
			buildActionMask = 2147483647;
			files = (
				F2D143811DDE260600288DFC /* ViewController.swift in Sources */,
				F2D1437F1DDE260600288DFC /* AppDelegate.swift in Sources */,
			);
			runOnlyForDeploymentPostprocessing = 0;
		};
		F2EC93972340C32200411542 /* Sources */ = {
			isa = PBXSourcesBuildPhase;
			buildActionMask = 2147483647;
			files = (
				F2EC93A02340C32200411542 /* ViewController.swift in Sources */,
				F2EC939E2340C32200411542 /* AppDelegate.swift in Sources */,
			);
			runOnlyForDeploymentPostprocessing = 0;
		};
/* End PBXSourcesBuildPhase section */

/* Begin PBXTargetDependency section */
		F2FECCA724504F450052967B /* PBXTargetDependency */ = {
			isa = PBXTargetDependency;
			productRef = F2FECCA624504F450052967B /* ChessToolkitUI */;
		};
/* End PBXTargetDependency section */

/* Begin PBXVariantGroup section */
		F214A814206417A700A4CC73 /* Main.storyboard */ = {
			isa = PBXVariantGroup;
			children = (
				F214A815206417A700A4CC73 /* Base */,
			);
			name = Main.storyboard;
			sourceTree = "<group>";
		};
		F2D143821DDE260600288DFC /* Main.storyboard */ = {
			isa = PBXVariantGroup;
			children = (
				F2D143831DDE260600288DFC /* Base */,
			);
			name = Main.storyboard;
			sourceTree = "<group>";
		};
		F2D143871DDE260600288DFC /* LaunchScreen.storyboard */ = {
			isa = PBXVariantGroup;
			children = (
				F2D143881DDE260600288DFC /* Base */,
			);
			name = LaunchScreen.storyboard;
			sourceTree = "<group>";
		};
		F2EC93A32340C32300411542 /* Main.storyboard */ = {
			isa = PBXVariantGroup;
			children = (
				F2EC93A42340C32300411542 /* Base */,
			);
			name = Main.storyboard;
			sourceTree = "<group>";
		};
/* End PBXVariantGroup section */

/* Begin XCBuildConfiguration section */
		F214A81A206417A700A4CC73 /* Debug */ = {
			isa = XCBuildConfiguration;
			buildSettings = {
				ALWAYS_EMBED_SWIFT_STANDARD_LIBRARIES = YES;
				ALWAYS_SEARCH_USER_PATHS = NO;
				ASSETCATALOG_COMPILER_APPICON_NAME = "App Icon & Top Shelf Image";
				ASSETCATALOG_COMPILER_LAUNCHIMAGE_NAME = LaunchImage;
				CLANG_ANALYZER_NONNULL = YES;
				CLANG_ANALYZER_NUMBER_OBJECT_CONVERSION = YES_AGGRESSIVE;
				CLANG_CXX_LANGUAGE_STANDARD = "gnu++14";
				CLANG_CXX_LIBRARY = "libc++";
				CLANG_ENABLE_MODULES = YES;
				CLANG_ENABLE_OBJC_ARC = YES;
				CLANG_WARN_DIRECT_OBJC_ISA_USAGE = YES_ERROR;
				CLANG_WARN_DOCUMENTATION_COMMENTS = YES;
				CLANG_WARN_OBJC_ROOT_CLASS = YES_ERROR;
				CLANG_WARN_UNGUARDED_AVAILABILITY = YES_AGGRESSIVE;
				CODE_SIGN_STYLE = Automatic;
				COPY_PHASE_STRIP = NO;
				DEBUG_INFORMATION_FORMAT = dwarf;
				DEVELOPMENT_TEAM = YZB6HYGFR3;
				GCC_C_LANGUAGE_STANDARD = gnu11;
				GCC_DYNAMIC_NO_PIC = NO;
				GCC_OPTIMIZATION_LEVEL = 0;
				GCC_PREPROCESSOR_DEFINITIONS = (
					"DEBUG=1",
					"$(inherited)",
				);
				GCC_WARN_ABOUT_RETURN_TYPE = YES_ERROR;
				GCC_WARN_UNINITIALIZED_AUTOS = YES_AGGRESSIVE;
				INFOPLIST_FILE = "ChessToolkit-tvos-Example/Info.plist";
				LD_RUNPATH_SEARCH_PATHS = (
					"$(inherited)",
					"@executable_path/Frameworks",
				);
				MTL_ENABLE_DEBUG_INFO = YES;
				PRODUCT_BUNDLE_IDENTIFIER = "de.tklusemann.ChessToolkit-tvos-Example";
				PRODUCT_NAME = "ChessToolkit-tvos-Example";
				SDKROOT = appletvos;
				SWIFT_ACTIVE_COMPILATION_CONDITIONS = DEBUG;
				SWIFT_OPTIMIZATION_LEVEL = "-Onone";
				TARGETED_DEVICE_FAMILY = 3;
				TVOS_DEPLOYMENT_TARGET = 11.2;
			};
			name = Debug;
		};
		F214A81B206417A700A4CC73 /* Release */ = {
			isa = XCBuildConfiguration;
			buildSettings = {
				ALWAYS_EMBED_SWIFT_STANDARD_LIBRARIES = YES;
				ALWAYS_SEARCH_USER_PATHS = NO;
				ASSETCATALOG_COMPILER_APPICON_NAME = "App Icon & Top Shelf Image";
				ASSETCATALOG_COMPILER_LAUNCHIMAGE_NAME = LaunchImage;
				CLANG_ANALYZER_NONNULL = YES;
				CLANG_ANALYZER_NUMBER_OBJECT_CONVERSION = YES_AGGRESSIVE;
				CLANG_CXX_LANGUAGE_STANDARD = "gnu++14";
				CLANG_CXX_LIBRARY = "libc++";
				CLANG_ENABLE_MODULES = YES;
				CLANG_ENABLE_OBJC_ARC = YES;
				CLANG_WARN_DIRECT_OBJC_ISA_USAGE = YES_ERROR;
				CLANG_WARN_DOCUMENTATION_COMMENTS = YES;
				CLANG_WARN_OBJC_ROOT_CLASS = YES_ERROR;
				CLANG_WARN_UNGUARDED_AVAILABILITY = YES_AGGRESSIVE;
				CODE_SIGN_STYLE = Automatic;
				COPY_PHASE_STRIP = NO;
				DEBUG_INFORMATION_FORMAT = "dwarf-with-dsym";
				DEVELOPMENT_TEAM = YZB6HYGFR3;
				ENABLE_NS_ASSERTIONS = NO;
				GCC_C_LANGUAGE_STANDARD = gnu11;
				GCC_WARN_ABOUT_RETURN_TYPE = YES_ERROR;
				GCC_WARN_UNINITIALIZED_AUTOS = YES_AGGRESSIVE;
				INFOPLIST_FILE = "ChessToolkit-tvos-Example/Info.plist";
				LD_RUNPATH_SEARCH_PATHS = (
					"$(inherited)",
					"@executable_path/Frameworks",
				);
				MTL_ENABLE_DEBUG_INFO = NO;
				PRODUCT_BUNDLE_IDENTIFIER = "de.tklusemann.ChessToolkit-tvos-Example";
				PRODUCT_NAME = "ChessToolkit-tvos-Example";
				SDKROOT = appletvos;
				SWIFT_COMPILATION_MODE = wholemodule;
				SWIFT_OPTIMIZATION_LEVEL = "-O";
				TARGETED_DEVICE_FAMILY = 3;
				TVOS_DEPLOYMENT_TARGET = 11.2;
				VALIDATE_PRODUCT = YES;
			};
			name = Release;
		};
		F2D143321DDE222800288DFC /* Debug */ = {
			isa = XCBuildConfiguration;
			buildSettings = {
				CLANG_ANALYZER_LOCALIZABILITY_NONLOCALIZED = YES;
				CLANG_WARN_BLOCK_CAPTURE_AUTORELEASING = YES;
				CLANG_WARN_BOOL_CONVERSION = YES;
				CLANG_WARN_COMMA = YES;
				CLANG_WARN_CONSTANT_CONVERSION = YES;
				CLANG_WARN_DEPRECATED_OBJC_IMPLEMENTATIONS = YES;
				CLANG_WARN_EMPTY_BODY = YES;
				CLANG_WARN_ENUM_CONVERSION = YES;
				CLANG_WARN_INFINITE_RECURSION = YES;
				CLANG_WARN_INT_CONVERSION = YES;
				CLANG_WARN_NON_LITERAL_NULL_CONVERSION = YES;
				CLANG_WARN_OBJC_IMPLICIT_RETAIN_SELF = YES;
				CLANG_WARN_OBJC_LITERAL_CONVERSION = YES;
				CLANG_WARN_RANGE_LOOP_ANALYSIS = YES;
				CLANG_WARN_STRICT_PROTOTYPES = YES;
				CLANG_WARN_SUSPICIOUS_MOVE = YES;
				CLANG_WARN_UNREACHABLE_CODE = YES;
				CLANG_WARN__DUPLICATE_METHOD_MATCH = YES;
				ENABLE_STRICT_OBJC_MSGSEND = YES;
				ENABLE_TESTABILITY = YES;
				GCC_NO_COMMON_BLOCKS = YES;
				GCC_WARN_64_TO_32_BIT_CONVERSION = YES;
				GCC_WARN_ABOUT_RETURN_TYPE = YES;
				GCC_WARN_UNDECLARED_SELECTOR = YES;
				GCC_WARN_UNINITIALIZED_AUTOS = YES;
				GCC_WARN_UNUSED_FUNCTION = YES;
				GCC_WARN_UNUSED_VARIABLE = YES;
				IPHONEOS_DEPLOYMENT_TARGET = 11.0;
				MACOSX_DEPLOYMENT_TARGET = 10.14;
				ONLY_ACTIVE_ARCH = YES;
				SWIFT_VERSION = 5.0;
				TVOS_DEPLOYMENT_TARGET = 11.2;
			};
			name = Debug;
		};
		F2D143331DDE222800288DFC /* Release */ = {
			isa = XCBuildConfiguration;
			buildSettings = {
				CLANG_ANALYZER_LOCALIZABILITY_NONLOCALIZED = YES;
				CLANG_WARN_BLOCK_CAPTURE_AUTORELEASING = YES;
				CLANG_WARN_BOOL_CONVERSION = YES;
				CLANG_WARN_COMMA = YES;
				CLANG_WARN_CONSTANT_CONVERSION = YES;
				CLANG_WARN_DEPRECATED_OBJC_IMPLEMENTATIONS = YES;
				CLANG_WARN_EMPTY_BODY = YES;
				CLANG_WARN_ENUM_CONVERSION = YES;
				CLANG_WARN_INFINITE_RECURSION = YES;
				CLANG_WARN_INT_CONVERSION = YES;
				CLANG_WARN_NON_LITERAL_NULL_CONVERSION = YES;
				CLANG_WARN_OBJC_IMPLICIT_RETAIN_SELF = YES;
				CLANG_WARN_OBJC_LITERAL_CONVERSION = YES;
				CLANG_WARN_RANGE_LOOP_ANALYSIS = YES;
				CLANG_WARN_STRICT_PROTOTYPES = YES;
				CLANG_WARN_SUSPICIOUS_MOVE = YES;
				CLANG_WARN_UNREACHABLE_CODE = YES;
				CLANG_WARN__DUPLICATE_METHOD_MATCH = YES;
				ENABLE_STRICT_OBJC_MSGSEND = YES;
				GCC_NO_COMMON_BLOCKS = YES;
				GCC_WARN_64_TO_32_BIT_CONVERSION = YES;
				GCC_WARN_ABOUT_RETURN_TYPE = YES;
				GCC_WARN_UNDECLARED_SELECTOR = YES;
				GCC_WARN_UNINITIALIZED_AUTOS = YES;
				GCC_WARN_UNUSED_FUNCTION = YES;
				GCC_WARN_UNUSED_VARIABLE = YES;
				IPHONEOS_DEPLOYMENT_TARGET = 11.0;
				MACOSX_DEPLOYMENT_TARGET = 10.14;
				SWIFT_VERSION = 5.0;
				TVOS_DEPLOYMENT_TARGET = 11.2;
			};
			name = Release;
		};
		F2D1438C1DDE260600288DFC /* Debug */ = {
			isa = XCBuildConfiguration;
			buildSettings = {
				ALWAYS_SEARCH_USER_PATHS = NO;
				ASSETCATALOG_COMPILER_APPICON_NAME = AppIcon;
				CLANG_ANALYZER_NONNULL = YES;
				CLANG_CXX_LANGUAGE_STANDARD = "gnu++0x";
				CLANG_CXX_LIBRARY = "libc++";
				CLANG_ENABLE_MODULES = YES;
				CLANG_ENABLE_OBJC_ARC = YES;
				CLANG_WARN_BOOL_CONVERSION = YES;
				CLANG_WARN_CONSTANT_CONVERSION = YES;
				CLANG_WARN_DIRECT_OBJC_ISA_USAGE = YES_ERROR;
				CLANG_WARN_DOCUMENTATION_COMMENTS = YES;
				CLANG_WARN_EMPTY_BODY = YES;
				CLANG_WARN_ENUM_CONVERSION = YES;
				CLANG_WARN_INFINITE_RECURSION = YES;
				CLANG_WARN_INT_CONVERSION = YES;
				CLANG_WARN_OBJC_ROOT_CLASS = YES_ERROR;
				CLANG_WARN_SUSPICIOUS_MOVES = YES;
				CLANG_WARN_UNREACHABLE_CODE = YES;
				CLANG_WARN__DUPLICATE_METHOD_MATCH = YES;
				"CODE_SIGN_IDENTITY[sdk=iphoneos*]" = "iPhone Developer";
				COPY_PHASE_STRIP = NO;
				DEBUG_INFORMATION_FORMAT = dwarf;
				DEVELOPMENT_TEAM = YZB6HYGFR3;
				ENABLE_STRICT_OBJC_MSGSEND = YES;
				ENABLE_TESTABILITY = YES;
				GCC_C_LANGUAGE_STANDARD = gnu99;
				GCC_DYNAMIC_NO_PIC = NO;
				GCC_NO_COMMON_BLOCKS = YES;
				GCC_OPTIMIZATION_LEVEL = 0;
				GCC_PREPROCESSOR_DEFINITIONS = (
					"DEBUG=1",
					"$(inherited)",
				);
				GCC_WARN_64_TO_32_BIT_CONVERSION = YES;
				GCC_WARN_ABOUT_RETURN_TYPE = YES_ERROR;
				GCC_WARN_UNDECLARED_SELECTOR = YES;
				GCC_WARN_UNINITIALIZED_AUTOS = YES_AGGRESSIVE;
				GCC_WARN_UNUSED_FUNCTION = YES;
				GCC_WARN_UNUSED_VARIABLE = YES;
				INFOPLIST_FILE = "ChessToolkit-Example/Info.plist";
				IPHONEOS_DEPLOYMENT_TARGET = 11.0;
				LD_RUNPATH_SEARCH_PATHS = (
					"$(inherited)",
					"@executable_path/Frameworks",
				);
				MTL_ENABLE_DEBUG_INFO = YES;
				ONLY_ACTIVE_ARCH = YES;
				PRODUCT_BUNDLE_IDENTIFIER = "org.karrmarr.ChessToolkit-Example";
				PRODUCT_NAME = ChessToolkitExample;
				SDKROOT = iphoneos;
				SWIFT_ACTIVE_COMPILATION_CONDITIONS = DEBUG;
				SWIFT_OPTIMIZATION_LEVEL = "-Onone";
				SWIFT_SWIFT3_OBJC_INFERENCE = Default;
			};
			name = Debug;
		};
		F2D1438D1DDE260600288DFC /* Release */ = {
			isa = XCBuildConfiguration;
			buildSettings = {
				ALWAYS_SEARCH_USER_PATHS = NO;
				ASSETCATALOG_COMPILER_APPICON_NAME = AppIcon;
				CLANG_ANALYZER_NONNULL = YES;
				CLANG_CXX_LANGUAGE_STANDARD = "gnu++0x";
				CLANG_CXX_LIBRARY = "libc++";
				CLANG_ENABLE_MODULES = YES;
				CLANG_ENABLE_OBJC_ARC = YES;
				CLANG_WARN_BOOL_CONVERSION = YES;
				CLANG_WARN_CONSTANT_CONVERSION = YES;
				CLANG_WARN_DIRECT_OBJC_ISA_USAGE = YES_ERROR;
				CLANG_WARN_DOCUMENTATION_COMMENTS = YES;
				CLANG_WARN_EMPTY_BODY = YES;
				CLANG_WARN_ENUM_CONVERSION = YES;
				CLANG_WARN_INFINITE_RECURSION = YES;
				CLANG_WARN_INT_CONVERSION = YES;
				CLANG_WARN_OBJC_ROOT_CLASS = YES_ERROR;
				CLANG_WARN_SUSPICIOUS_MOVES = YES;
				CLANG_WARN_UNREACHABLE_CODE = YES;
				CLANG_WARN__DUPLICATE_METHOD_MATCH = YES;
				"CODE_SIGN_IDENTITY[sdk=iphoneos*]" = "iPhone Developer";
				COPY_PHASE_STRIP = NO;
				DEBUG_INFORMATION_FORMAT = "dwarf-with-dsym";
				DEVELOPMENT_TEAM = YZB6HYGFR3;
				ENABLE_NS_ASSERTIONS = NO;
				ENABLE_STRICT_OBJC_MSGSEND = YES;
				GCC_C_LANGUAGE_STANDARD = gnu99;
				GCC_NO_COMMON_BLOCKS = YES;
				GCC_WARN_64_TO_32_BIT_CONVERSION = YES;
				GCC_WARN_ABOUT_RETURN_TYPE = YES_ERROR;
				GCC_WARN_UNDECLARED_SELECTOR = YES;
				GCC_WARN_UNINITIALIZED_AUTOS = YES_AGGRESSIVE;
				GCC_WARN_UNUSED_FUNCTION = YES;
				GCC_WARN_UNUSED_VARIABLE = YES;
				INFOPLIST_FILE = "ChessToolkit-Example/Info.plist";
				IPHONEOS_DEPLOYMENT_TARGET = 11.0;
				LD_RUNPATH_SEARCH_PATHS = (
					"$(inherited)",
					"@executable_path/Frameworks",
				);
				MTL_ENABLE_DEBUG_INFO = NO;
				PRODUCT_BUNDLE_IDENTIFIER = "org.karrmarr.ChessToolkit-Example";
				PRODUCT_NAME = ChessToolkitExample;
				SDKROOT = iphoneos;
				SWIFT_COMPILATION_MODE = wholemodule;
				SWIFT_OPTIMIZATION_LEVEL = "-O";
				SWIFT_SWIFT3_OBJC_INFERENCE = Default;
				VALIDATE_PRODUCT = YES;
			};
			name = Release;
		};
		F2EC93A92340C32300411542 /* Debug */ = {
			isa = XCBuildConfiguration;
			buildSettings = {
				ALWAYS_SEARCH_USER_PATHS = NO;
				ASSETCATALOG_COMPILER_APPICON_NAME = AppIcon;
				CLANG_ANALYZER_NONNULL = YES;
				CLANG_ANALYZER_NUMBER_OBJECT_CONVERSION = YES_AGGRESSIVE;
				CLANG_CXX_LANGUAGE_STANDARD = "gnu++14";
				CLANG_CXX_LIBRARY = "libc++";
				CLANG_ENABLE_MODULES = YES;
				CLANG_ENABLE_OBJC_ARC = YES;
				CLANG_ENABLE_OBJC_WEAK = YES;
				CLANG_WARN_DIRECT_OBJC_ISA_USAGE = YES_ERROR;
				CLANG_WARN_DOCUMENTATION_COMMENTS = YES;
				CLANG_WARN_OBJC_ROOT_CLASS = YES_ERROR;
				CLANG_WARN_UNGUARDED_AVAILABILITY = YES_AGGRESSIVE;
				CODE_SIGN_ENTITLEMENTS = "ChessToolkit-macOS-Example/ChessToolkit_macOS_Example.entitlements";
				CODE_SIGN_IDENTITY = "Apple Development";
				CODE_SIGN_STYLE = Automatic;
				COMBINE_HIDPI_IMAGES = YES;
				COPY_PHASE_STRIP = NO;
				DEBUG_INFORMATION_FORMAT = dwarf;
				DEVELOPMENT_TEAM = YZB6HYGFR3;
				ENABLE_HARDENED_RUNTIME = YES;
				GCC_C_LANGUAGE_STANDARD = gnu11;
				GCC_DYNAMIC_NO_PIC = NO;
				GCC_OPTIMIZATION_LEVEL = 0;
				GCC_PREPROCESSOR_DEFINITIONS = (
					"DEBUG=1",
					"$(inherited)",
				);
				GCC_WARN_ABOUT_RETURN_TYPE = YES_ERROR;
				GCC_WARN_UNINITIALIZED_AUTOS = YES_AGGRESSIVE;
				INFOPLIST_FILE = "ChessToolkit-macOS-Example/Info.plist";
				LD_RUNPATH_SEARCH_PATHS = (
					"$(inherited)",
					"@executable_path/../Frameworks",
				);
				MTL_ENABLE_DEBUG_INFO = INCLUDE_SOURCE;
				MTL_FAST_MATH = YES;
				PRODUCT_BUNDLE_IDENTIFIER = "de.tklusemann.ChessToolkit-macOS-Example";
				PRODUCT_NAME = "$(TARGET_NAME)";
				SDKROOT = macosx;
				SWIFT_ACTIVE_COMPILATION_CONDITIONS = DEBUG;
				SWIFT_OPTIMIZATION_LEVEL = "-Onone";
			};
			name = Debug;
		};
		F2EC93AA2340C32300411542 /* Release */ = {
			isa = XCBuildConfiguration;
			buildSettings = {
				ALWAYS_SEARCH_USER_PATHS = NO;
				ASSETCATALOG_COMPILER_APPICON_NAME = AppIcon;
				CLANG_ANALYZER_NONNULL = YES;
				CLANG_ANALYZER_NUMBER_OBJECT_CONVERSION = YES_AGGRESSIVE;
				CLANG_CXX_LANGUAGE_STANDARD = "gnu++14";
				CLANG_CXX_LIBRARY = "libc++";
				CLANG_ENABLE_MODULES = YES;
				CLANG_ENABLE_OBJC_ARC = YES;
				CLANG_ENABLE_OBJC_WEAK = YES;
				CLANG_WARN_DIRECT_OBJC_ISA_USAGE = YES_ERROR;
				CLANG_WARN_DOCUMENTATION_COMMENTS = YES;
				CLANG_WARN_OBJC_ROOT_CLASS = YES_ERROR;
				CLANG_WARN_UNGUARDED_AVAILABILITY = YES_AGGRESSIVE;
				CODE_SIGN_ENTITLEMENTS = "ChessToolkit-macOS-Example/ChessToolkit_macOS_Example.entitlements";
				CODE_SIGN_IDENTITY = "Apple Development";
				CODE_SIGN_STYLE = Automatic;
				COMBINE_HIDPI_IMAGES = YES;
				COPY_PHASE_STRIP = NO;
				DEBUG_INFORMATION_FORMAT = "dwarf-with-dsym";
				DEVELOPMENT_TEAM = YZB6HYGFR3;
				ENABLE_HARDENED_RUNTIME = YES;
				ENABLE_NS_ASSERTIONS = NO;
				GCC_C_LANGUAGE_STANDARD = gnu11;
				GCC_WARN_ABOUT_RETURN_TYPE = YES_ERROR;
				GCC_WARN_UNINITIALIZED_AUTOS = YES_AGGRESSIVE;
				INFOPLIST_FILE = "ChessToolkit-macOS-Example/Info.plist";
				LD_RUNPATH_SEARCH_PATHS = (
					"$(inherited)",
					"@executable_path/../Frameworks",
				);
				MTL_ENABLE_DEBUG_INFO = NO;
				MTL_FAST_MATH = YES;
				PRODUCT_BUNDLE_IDENTIFIER = "de.tklusemann.ChessToolkit-macOS-Example";
				PRODUCT_NAME = "$(TARGET_NAME)";
				SDKROOT = macosx;
				SWIFT_COMPILATION_MODE = wholemodule;
				SWIFT_OPTIMIZATION_LEVEL = "-O";
			};
			name = Release;
		};
/* End XCBuildConfiguration section */

/* Begin XCConfigurationList section */
		F214A81C206417A700A4CC73 /* Build configuration list for PBXNativeTarget "ChessToolkit-tvos-Example" */ = {
			isa = XCConfigurationList;
			buildConfigurations = (
				F214A81A206417A700A4CC73 /* Debug */,
				F214A81B206417A700A4CC73 /* Release */,
			);
			defaultConfigurationIsVisible = 0;
			defaultConfigurationName = Release;
		};
		F2D143311DDE222800288DFC /* Build configuration list for PBXProject "ChessToolkitExamples" */ = {
			isa = XCConfigurationList;
			buildConfigurations = (
				F2D143321DDE222800288DFC /* Debug */,
				F2D143331DDE222800288DFC /* Release */,
			);
			defaultConfigurationIsVisible = 0;
			defaultConfigurationName = Release;
		};
		F2D1438B1DDE260600288DFC /* Build configuration list for PBXNativeTarget "ChessToolkit-Example" */ = {
			isa = XCConfigurationList;
			buildConfigurations = (
				F2D1438C1DDE260600288DFC /* Debug */,
				F2D1438D1DDE260600288DFC /* Release */,
			);
			defaultConfigurationIsVisible = 0;
			defaultConfigurationName = Release;
		};
		F2EC93A82340C32300411542 /* Build configuration list for PBXNativeTarget "ChessToolkit-macOS-Example" */ = {
			isa = XCConfigurationList;
			buildConfigurations = (
				F2EC93A92340C32300411542 /* Debug */,
				F2EC93AA2340C32300411542 /* Release */,
			);
			defaultConfigurationIsVisible = 0;
			defaultConfigurationName = Release;
		};
/* End XCConfigurationList section */

/* Begin XCSwiftPackageProductDependency section */
		F296CCB52451B4AE003C1107 /* ChessToolkitUI */ = {
			isa = XCSwiftPackageProductDependency;
			productName = ChessToolkitUI;
		};
		F296CCBB2451B5EE003C1107 /* ChessToolkitUI */ = {
			isa = XCSwiftPackageProductDependency;
			productName = ChessToolkitUI;
		};
		F2FECCA424504D760052967B /* ChessToolkitUI */ = {
			isa = XCSwiftPackageProductDependency;
			productName = ChessToolkitUI;
		};
		F2FECCA624504F450052967B /* ChessToolkitUI */ = {
			isa = XCSwiftPackageProductDependency;
			productName = ChessToolkitUI;
		};
/* End XCSwiftPackageProductDependency section */
	};
	rootObject = F2D1432E1DDE222800288DFC /* Project object */;
}
